
Microsoft Visual Studio Solution File, Format Version 12.00
# Visual Studio Version 16
VisualStudioVersion = 16.0.30804.86
MinimumVisualStudioVersion = 10.0.40219.1
Project("{FAE04EC0-301F-11D3-BF4B-00C04F79EFBC}") = "Uni_Mgt_Sys", "uni1\Uni_Mgt_Sys.csproj", "{AFD38249-5D9E-4646-B4C0-6DD7B55DED6E}"
EndProject
Global
	GlobalSection(SolutionConfigurationPlatforms) = preSolution
		Debug|Any CPU = Debug|Any CPU
		Release|Any CPU = Release|Any CPU
	EndGlobalSection
	GlobalSection(ProjectConfigurationPlatforms) = postSolution
		{AFD38249-5D9E-4646-B4C0-6DD7B55DED6E}.Debug|Any CPU.ActiveCfg = Debug|Any CPU
		{AFD38249-5D9E-4646-B4C0-6DD7B55DED6E}.Debug|Any CPU.Build.0 = Debug|Any CPU
		{AFD38249-5D9E-4646-B4C0-6DD7B55DED6E}.Release|Any CPU.ActiveCfg = Release|Any CPU
		{AFD38249-5D9E-4646-B4C0-6DD7B55DED6E}.Release|Any CPU.Build.0 = Release|Any CPU
	EndGlobalSection
	GlobalSection(SolutionProperties) = preSolution
		HideSolutionNode = FALSE
	EndGlobalSection
	GlobalSection(ExtensibilityGlobals) = postSolution
		SolutionGuid = {5A05CD94-325B-47DE-AD5F-3FCD944A88E8}
	EndGlobalSection
EndGlobal
